
Microsoft Visual Studio Solution File, Format Version 12.00
# Visual Studio Version 17
VisualStudioVersion = 17.8.34322.80
MinimumVisualStudioVersion = 10.0.40219.1
Project("{9A19103F-16F7-4668-BE54-9A1E7A4F7556}") = "Library", "Library\Library.csproj", "{55773C03-FC44-4C07-BC83-3A8D3E0A01CF}"
EndProject
Global
	GlobalSection(SolutionConfigurationPlatforms) = preSolution
		Debug|Any CPU = Debug|Any CPU
		Release|Any CPU = Release|Any CPU
	EndGlobalSection
	GlobalSection(ProjectConfigurationPlatforms) = postSolution
		{55773C03-FC44-4C07-BC83-3A8D3E0A01CF}.Debug|Any CPU.ActiveCfg = Debug|Any CPU
		{55773C03-FC44-4C07-BC83-3A8D3E0A01CF}.Debug|Any CPU.Build.0 = Debug|Any CPU
		{55773C03-FC44-4C07-BC83-3A8D3E0A01CF}.Release|Any CPU.ActiveCfg = Release|Any CPU
		{55773C03-FC44-4C07-BC83-3A8D3E0A01CF}.Release|Any CPU.Build.0 = Release|Any CPU
	EndGlobalSection
	GlobalSection(SolutionProperties) = preSolution
		HideSolutionNode = FALSE
	EndGlobalSection
	GlobalSection(ExtensibilityGlobals) = postSolution
		SolutionGuid = {A22B85A8-B121-428C-98E6-6237937C49BB}
	EndGlobalSection
EndGlobal
